// !$*UTF8*$!
{
	archiveVersion = 1;
	classes = {
	};
	objectVersion = 46;
	objects = {

/* Begin PBXBuildFile section */
		8D7CED301411D3C500269878 /* UIKit.framework in Frameworks */ = {isa = PBXBuildFile; fileRef = 8D7CED2F1411D3C500269878 /* UIKit.framework */; };
		8D7CED321411D3C500269878 /* Foundation.framework in Frameworks */ = {isa = PBXBuildFile; fileRef = 8D7CED311411D3C500269878 /* Foundation.framework */; };
		8D7CED341411D3C500269878 /* CoreGraphics.framework in Frameworks */ = {isa = PBXBuildFile; fileRef = 8D7CED331411D3C500269878 /* CoreGraphics.framework */; };
		8D7CED3A1411D3C500269878 /* InfoPlist.strings in Resources */ = {isa = PBXBuildFile; fileRef = 8D7CED381411D3C500269878 /* InfoPlist.strings */; };
		8D7CED3C1411D3C500269878 /* main.m in Sources */ = {isa = PBXBuildFile; fileRef = 8D7CED3B1411D3C500269878 /* main.m */; };
		8D7CED401411D3C500269878 /* DummyPrjAppDelegate.m in Sources */ = {isa = PBXBuildFile; fileRef = 8D7CED3F1411D3C500269878 /* DummyPrjAppDelegate.m */; };
		8D7CED431411D3C500269878 /* MainWindow.xib in Resources */ = {isa = PBXBuildFile; fileRef = 8D7CED411411D3C500269878 /* MainWindow.xib */; };
/* End PBXBuildFile section */

/* Begin PBXFileReference section */
		8D7CED2B1411D3C500269878 /* DummyPrj.app */ = {isa = PBXFileReference; explicitFileType = wrapper.application; includeInIndex = 0; path = DummyPrj.app; sourceTree = BUILT_PRODUCTS_DIR; };
		8D7CED2F1411D3C500269878 /* UIKit.framework */ = {isa = PBXFileReference; lastKnownFileType = wrapper.framework; name = UIKit.framework; path = System/Library/Frameworks/UIKit.framework; sourceTree = SDKROOT; };
		8D7CED311411D3C500269878 /* Foundation.framework */ = {isa = PBXFileReference; lastKnownFileType = wrapper.framework; name = Foundation.framework; path = System/Library/Frameworks/Foundation.framework; sourceTree = SDKROOT; };
		8D7CED331411D3C500269878 /* CoreGraphics.framework */ = {isa = PBXFileReference; lastKnownFileType = wrapper.framework; name = CoreGraphics.framework; path = System/Library/Frameworks/CoreGraphics.framework; sourceTree = SDKROOT; };
		8D7CED371411D3C500269878 /* DummyPrj-Info.plist */ = {isa = PBXFileReference; lastKnownFileType = text.plist.xml; path = "DummyPrj-Info.plist"; sourceTree = "<group>"; };
		8D7CED391411D3C500269878 /* en */ = {isa = PBXFileReference; lastKnownFileType = text.plist.strings; name = en; path = en.lproj/InfoPlist.strings; sourceTree = "<group>"; };
		8D7CED3B1411D3C500269878 /* main.m */ = {isa = PBXFileReference; lastKnownFileType = sourcecode.c.objc; path = main.m; sourceTree = "<group>"; };
		8D7CED3D1411D3C500269878 /* DummyPrj-Prefix.pch */ = {isa = PBXFileReference; lastKnownFileType = sourcecode.c.h; path = "DummyPrj-Prefix.pch"; sourceTree = "<group>"; };
		8D7CED3E1411D3C500269878 /* DummyPrjAppDelegate.h */ = {isa = PBXFileReference; lastKnownFileType = sourcecode.c.h; path = DummyPrjAppDelegate.h; sourceTree = "<group>"; };
		8D7CED3F1411D3C500269878 /* DummyPrjAppDelegate.m */ = {isa = PBXFileReference; lastKnownFileType = sourcecode.c.objc; path = DummyPrjAppDelegate.m; sourceTree = "<group>"; };
		8D7CED421411D3C500269878 /* en */ = {isa = PBXFileReference; lastKnownFileType = file.xib; name = en; path = en.lproj/MainWindow.xib; sourceTree = "<group>"; };
/* End PBXFileReference section */

/* Begin PBXFrameworksBuildPhase section */
		8D7CED281411D3C500269878 /* Frameworks */ = {
			isa = PBXFrameworksBuildPhase;
			buildActionMask = 2147483647;
			files = (
				8D7CED301411D3C500269878 /* UIKit.framework in Frameworks */,
				8D7CED321411D3C500269878 /* Foundation.framework in Frameworks */,
				8D7CED341411D3C500269878 /* CoreGraphics.framework in Frameworks */,
			);
			runOnlyForDeploymentPostprocessing = 0;
		};
/* End PBXFrameworksBuildPhase section */

/* Begin PBXGroup section */
		8D7CED201411D3C500269878 = {
			isa = PBXGroup;
			children = (
				8D7CED351411D3C500269878 /* DummyPrj */,
				8D7CED2E1411D3C500269878 /* Frameworks */,
				8D7CED2C1411D3C500269878 /* Products */,
			);
			sourceTree = "<group>";
		};
		8D7CED2C1411D3C500269878 /* Products */ = {
			isa = PBXGroup;
			children = (
				8D7CED2B1411D3C500269878 /* DummyPrj.app */,
			);
			name = Products;
			sourceTree = "<group>";
		};
		8D7CED2E1411D3C500269878 /* Frameworks */ = {
			isa = PBXGroup;
			children = (
				8D7CED2F1411D3C500269878 /* UIKit.framework */,
				8D7CED311411D3C500269878 /* Foundation.framework */,
				8D7CED331411D3C500269878 /* CoreGraphics.framework */,
			);
			name = Frameworks;
			sourceTree = "<group>";
		};
		8D7CED351411D3C500269878 /* DummyPrj */ = {
			isa = PBXGroup;
			children = (
				8D7CED3E1411D3C500269878 /* DummyPrjAppDelegate.h */,
				8D7CED3F1411D3C500269878 /* DummyPrjAppDelegate.m */,
				8D7CED411411D3C500269878 /* MainWindow.xib */,
				8D7CED361411D3C500269878 /* Supporting Files */,
			);
			path = DummyPrj;
			sourceTree = "<group>";
		};
		8D7CED361411D3C500269878 /* Supporting Files */ = {
			isa = PBXGroup;
			children = (
				8D7CED371411D3C500269878 /* DummyPrj-Info.plist */,
				8D7CED381411D3C500269878 /* InfoPlist.strings */,
				8D7CED3B1411D3C500269878 /* main.m */,
				8D7CED3D1411D3C500269878 /* DummyPrj-Prefix.pch */,
			);
			name = "Supporting Files";
			sourceTree = "<group>";
		};
/* End PBXGroup section */

/* Begin PBXNativeTarget section */
		8D7CED2A1411D3C500269878 /* DummyPrj */ = {
			isa = PBXNativeTarget;
			buildConfigurationList = 8D7CED461411D3C500269878 /* Build configuration list for PBXNativeTarget "DummyPrj" */;
			buildPhases = (
				8D7CED271411D3C500269878 /* Sources */,
				8D7CED281411D3C500269878 /* Frameworks */,
				8D7CED291411D3C500269878 /* Resources */,
			);
			buildRules = (
			);
			dependencies = (
			);
			name = DummyPrj;
			productName = DummyPrj;
			productReference = 8D7CED2B1411D3C500269878 /* DummyPrj.app */;
			productType = "com.apple.product-type.application";
		};
/* End PBXNativeTarget section */

/* Begin PBXProject section */
		8D7CED221411D3C500269878 /* Project object */ = {
			isa = PBXProject;
			buildConfigurationList = 8D7CED251411D3C500269878 /* Build configuration list for PBXProject "DummyPrj" */;
			compatibilityVersion = "Xcode 3.2";
			developmentRegion = English;
			hasScannedForEncodings = 0;
			knownRegions = (
				en,
			);
			mainGroup = 8D7CED201411D3C500269878;
			productRefGroup = 8D7CED2C1411D3C500269878 /* Products */;
			projectDirPath = "";
			projectRoot = "";
			targets = (
				8D7CED2A1411D3C500269878 /* DummyPrj */,
			);
		};
/* End PBXProject section */

/* Begin PBXResourcesBuildPhase section */
		8D7CED291411D3C500269878 /* Resources */ = {
			isa = PBXResourcesBuildPhase;
			buildActionMask = 2147483647;
			files = (
				8D7CED3A1411D3C500269878 /* InfoPlist.strings in Resources */,
				8D7CED431411D3C500269878 /* MainWindow.xib in Resources */,
			);
			runOnlyForDeploymentPostprocessing = 0;
		};
/* End PBXResourcesBuildPhase section */

/* Begin PBXSourcesBuildPhase section */
		8D7CED271411D3C500269878 /* Sources */ = {
			isa = PBXSourcesBuildPhase;
			buildActionMask = 2147483647;
			files = (
				8D7CED3C1411D3C500269878 /* main.m in Sources */,
				8D7CED401411D3C500269878 /* DummyPrjAppDelegate.m in Sources */,
			);
			runOnlyForDeploymentPostprocessing = 0;
		};
/* End PBXSourcesBuildPhase section */

/* Begin PBXVariantGroup section */
		8D7CED381411D3C500269878 /* InfoPlist.strings */ = {
			isa = PBXVariantGroup;
			children = (
				8D7CED391411D3C500269878 /* en */,
			);
			name = InfoPlist.strings;
			sourceTree = "<group>";
		};
		8D7CED411411D3C500269878 /* MainWindow.xib */ = {
			isa = PBXVariantGroup;
			children = (
				8D7CED421411D3C500269878 /* en */,
			);
			name = MainWindow.xib;
			sourceTree = "<group>";
		};
/* End PBXVariantGroup section */

/* Begin XCBuildConfiguration section */
		8D7CED441411D3C500269878 /* Debug */ = {
			isa = XCBuildConfiguration;
			buildSettings = {
				ALWAYS_SEARCH_USER_PATHS = NO;
				ARCHS = "$(ARCHS_STANDARD_32_BIT)";
				"CODE_SIGN_IDENTITY[sdk=iphoneos*]" = "iPhone Developer";
				COPY_PHASE_STRIP = NO;
				GCC_C_LANGUAGE_STANDARD = gnu99;
				GCC_DYNAMIC_NO_PIC = NO;
				GCC_OPTIMIZATION_LEVEL = 0;
				GCC_PREPROCESSOR_DEFINITIONS = (
					"DEBUG=1",
					"$(inherited)",
				);
				GCC_SYMBOLS_PRIVATE_EXTERN = NO;
				GCC_VERSION = com.apple.compilers.llvmgcc42;
				GCC_WARN_ABOUT_MISSING_PROTOTYPES = YES;
				GCC_WARN_ABOUT_RETURN_TYPE = YES;
				GCC_WARN_UNUSED_VARIABLE = YES;
				IPHONEOS_DEPLOYMENT_TARGET = 4.3;
				SDKROOT = iphoneos;
			};
			name = Debug;
		};
		8D7CED451411D3C500269878 /* Release */ = {
			isa = XCBuildConfiguration;
			buildSettings = {
				ALWAYS_SEARCH_USER_PATHS = NO;
				ARCHS = "$(ARCHS_STANDARD_32_BIT)";
				"CODE_SIGN_IDENTITY[sdk=iphoneos*]" = "iPhone Developer";
				COPY_PHASE_STRIP = YES;
				GCC_C_LANGUAGE_STANDARD = gnu99;
				GCC_VERSION = com.apple.compilers.llvmgcc42;
				GCC_WARN_ABOUT_MISSING_PROTOTYPES = YES;
				GCC_WARN_ABOUT_RETURN_TYPE = YES;
				GCC_WARN_UNUSED_VARIABLE = YES;
				IPHONEOS_DEPLOYMENT_TARGET = 4.3;
				OTHER_CFLAGS = "-DNS_BLOCK_ASSERTIONS=1";
				SDKROOT = iphoneos;
				VALIDATE_PRODUCT = YES;
			};
			name = Release;
		};
		8D7CED471411D3C500269878 /* Debug */ = {
			isa = XCBuildConfiguration;
			buildSettings = {
				GCC_PRECOMPILE_PREFIX_HEADER = YES;
				GCC_PREFIX_HEADER = "DummyPrj/DummyPrj-Prefix.pch";
				INFOPLIST_FILE = "DummyPrj/DummyPrj-Info.plist";
				PRODUCT_NAME = "$(TARGET_NAME)";
				WRAPPER_EXTENSION = app;
			};
			name = Debug;
		};
		8D7CED481411D3C500269878 /* Release */ = {
			isa = XCBuildConfiguration;
			buildSettings = {
				GCC_PRECOMPILE_PREFIX_HEADER = YES;
				GCC_PREFIX_HEADER = "DummyPrj/DummyPrj-Prefix.pch";
				INFOPLIST_FILE = "DummyPrj/DummyPrj-Info.plist";
				PRODUCT_NAME = "$(TARGET_NAME)";
				WRAPPER_EXTENSION = app;
			};
			name = Release;
		};
/* End XCBuildConfiguration section */

/* Begin XCConfigurationList section */
		8D7CED251411D3C500269878 /* Build configuration list for PBXProject "DummyPrj" */ = {
			isa = XCConfigurationList;
			buildConfigurations = (
				8D7CED441411D3C500269878 /* Debug */,
				8D7CED451411D3C500269878 /* Release */,
			);
			defaultConfigurationIsVisible = 0;
			defaultConfigurationName = Release;
		};
		8D7CED461411D3C500269878 /* Build configuration list for PBXNativeTarget "DummyPrj" */ = {
			isa = XCConfigurationList;
			buildConfigurations = (
				8D7CED471411D3C500269878 /* Debug */,
				8D7CED481411D3C500269878 /* Release */,
			);
			defaultConfigurationIsVisible = 0;
		};
/* End XCConfigurationList section */
	};
	rootObject = 8D7CED221411D3C500269878 /* Project object */;
}
